
Microsoft Visual Studio Solution File, Format Version 12.00
# Visual Studio Version 17
VisualStudioVersion = 17.6.33712.159
MinimumVisualStudioVersion = 10.0.40219.1
Project("{9A19103F-16F7-4668-BE54-9A1E7A4F7556}") = "KubeWeb", "KubeWeb\KubeWeb.csproj", "{A273316F-414D-4B40-BD04-40CDF22138A8}"
EndProject
Project("{9A19103F-16F7-4668-BE54-9A1E7A4F7556}") = "KubeApiMongo", "KubeApiMongo\KubeApiMongo.csproj", "{ED57DF7B-F4E1-4760-9DA8-F555B8C97592}"
EndProject
Project("{9A19103F-16F7-4668-BE54-9A1E7A4F7556}") = "KubeApi", "KubeApi\KubeApi.csproj", "{7A51FEBF-8D55-4D9D-B0F3-25165E12794B}"
EndProject
Project("{E53339B2-1760-4266-BCC7-CA923CBCF16C}") = "docker-compose", "docker-compose.dcproj", "{3C7DA549-7560-4704-8F6E-8CCBD1299392}"
EndProject
Project("{9A19103F-16F7-4668-BE54-9A1E7A4F7556}") = "KubeApiSqlServer", "KubeApiSqlServer\KubeApiSqlServer.csproj", "{4DDD02EA-3604-4F6B-9967-F2797FA6DBDE}"
EndProject
Global
	GlobalSection(SolutionConfigurationPlatforms) = preSolution
		Debug|Any CPU = Debug|Any CPU
		Release|Any CPU = Release|Any CPU
	EndGlobalSection
	GlobalSection(ProjectConfigurationPlatforms) = postSolution
		{A273316F-414D-4B40-BD04-40CDF22138A8}.Debug|Any CPU.ActiveCfg = Debug|Any CPU
		{A273316F-414D-4B40-BD04-40CDF22138A8}.Debug|Any CPU.Build.0 = Debug|Any CPU
		{A273316F-414D-4B40-BD04-40CDF22138A8}.Release|Any CPU.ActiveCfg = Release|Any CPU
		{A273316F-414D-4B40-BD04-40CDF22138A8}.Release|Any CPU.Build.0 = Release|Any CPU
		{ED57DF7B-F4E1-4760-9DA8-F555B8C97592}.Debug|Any CPU.ActiveCfg = Debug|Any CPU
		{ED57DF7B-F4E1-4760-9DA8-F555B8C97592}.Debug|Any CPU.Build.0 = Debug|Any CPU
		{ED57DF7B-F4E1-4760-9DA8-F555B8C97592}.Release|Any CPU.ActiveCfg = Release|Any CPU
		{ED57DF7B-F4E1-4760-9DA8-F555B8C97592}.Release|Any CPU.Build.0 = Release|Any CPU
		{7A51FEBF-8D55-4D9D-B0F3-25165E12794B}.Debug|Any CPU.ActiveCfg = Debug|Any CPU
		{7A51FEBF-8D55-4D9D-B0F3-25165E12794B}.Debug|Any CPU.Build.0 = Debug|Any CPU
		{7A51FEBF-8D55-4D9D-B0F3-25165E12794B}.Release|Any CPU.ActiveCfg = Release|Any CPU
		{7A51FEBF-8D55-4D9D-B0F3-25165E12794B}.Release|Any CPU.Build.0 = Release|Any CPU
		{3C7DA549-7560-4704-8F6E-8CCBD1299392}.Debug|Any CPU.ActiveCfg = Debug|Any CPU
		{3C7DA549-7560-4704-8F6E-8CCBD1299392}.Debug|Any CPU.Build.0 = Debug|Any CPU
		{3C7DA549-7560-4704-8F6E-8CCBD1299392}.Release|Any CPU.ActiveCfg = Release|Any CPU
		{3C7DA549-7560-4704-8F6E-8CCBD1299392}.Release|Any CPU.Build.0 = Release|Any CPU
		{4DDD02EA-3604-4F6B-9967-F2797FA6DBDE}.Debug|Any CPU.ActiveCfg = Debug|Any CPU
		{4DDD02EA-3604-4F6B-9967-F2797FA6DBDE}.Debug|Any CPU.Build.0 = Debug|Any CPU
		{4DDD02EA-3604-4F6B-9967-F2797FA6DBDE}.Release|Any CPU.ActiveCfg = Release|Any CPU
		{4DDD02EA-3604-4F6B-9967-F2797FA6DBDE}.Release|Any CPU.Build.0 = Release|Any CPU
	EndGlobalSection
	GlobalSection(SolutionProperties) = preSolution
		HideSolutionNode = FALSE
	EndGlobalSection
	GlobalSection(ExtensibilityGlobals) = postSolution
		SolutionGuid = {81019F95-0002-4184-B100-37372DB58560}
	EndGlobalSection
EndGlobal
