
Microsoft Visual Studio Solution File, Format Version 12.00
# Visual Studio Version 17
VisualStudioVersion = 17.5.33502.453
MinimumVisualStudioVersion = 10.0.40219.1
Project("{9A19103F-16F7-4668-BE54-9A1E7A4F7556}") = "WebTest", "WebTest\WebTest.csproj", "{B34A9073-20A7-4758-BE74-C7E9B0D4CFDF}"
EndProject
Project("{9A19103F-16F7-4668-BE54-9A1E7A4F7556}") = "WebApp10", "WebApp10\WebApp10.csproj", "{A41AF5BD-3084-4B5B-83E5-BC27D6B60AA6}"
EndProject
Project("{E53339B2-1760-4266-BCC7-CA923CBCF16C}") = "docker-compose", "docker-compose.dcproj", "{C8F6C3DE-D596-4ECB-9217-D30B334C63D8}"
EndProject
Project("{9A19103F-16F7-4668-BE54-9A1E7A4F7556}") = "KubernetesClient", "..\csharp\src\KubernetesClient\KubernetesClient.csproj", "{3668FE4F-B215-4D39-A85B-F117DEDF22ED}"
EndProject
Global
	GlobalSection(SolutionConfigurationPlatforms) = preSolution
		Debug|Any CPU = Debug|Any CPU
		Release|Any CPU = Release|Any CPU
	EndGlobalSection
	GlobalSection(ProjectConfigurationPlatforms) = postSolution
		{B34A9073-20A7-4758-BE74-C7E9B0D4CFDF}.Debug|Any CPU.ActiveCfg = Debug|Any CPU
		{B34A9073-20A7-4758-BE74-C7E9B0D4CFDF}.Debug|Any CPU.Build.0 = Debug|Any CPU
		{B34A9073-20A7-4758-BE74-C7E9B0D4CFDF}.Release|Any CPU.ActiveCfg = Release|Any CPU
		{B34A9073-20A7-4758-BE74-C7E9B0D4CFDF}.Release|Any CPU.Build.0 = Release|Any CPU
		{A41AF5BD-3084-4B5B-83E5-BC27D6B60AA6}.Debug|Any CPU.ActiveCfg = Debug|Any CPU
		{A41AF5BD-3084-4B5B-83E5-BC27D6B60AA6}.Debug|Any CPU.Build.0 = Debug|Any CPU
		{A41AF5BD-3084-4B5B-83E5-BC27D6B60AA6}.Release|Any CPU.ActiveCfg = Release|Any CPU
		{A41AF5BD-3084-4B5B-83E5-BC27D6B60AA6}.Release|Any CPU.Build.0 = Release|Any CPU
		{C8F6C3DE-D596-4ECB-9217-D30B334C63D8}.Debug|Any CPU.ActiveCfg = Debug|Any CPU
		{C8F6C3DE-D596-4ECB-9217-D30B334C63D8}.Debug|Any CPU.Build.0 = Debug|Any CPU
		{C8F6C3DE-D596-4ECB-9217-D30B334C63D8}.Release|Any CPU.ActiveCfg = Release|Any CPU
		{C8F6C3DE-D596-4ECB-9217-D30B334C63D8}.Release|Any CPU.Build.0 = Release|Any CPU
		{3668FE4F-B215-4D39-A85B-F117DEDF22ED}.Debug|Any CPU.ActiveCfg = Debug|Any CPU
		{3668FE4F-B215-4D39-A85B-F117DEDF22ED}.Debug|Any CPU.Build.0 = Debug|Any CPU
		{3668FE4F-B215-4D39-A85B-F117DEDF22ED}.Release|Any CPU.ActiveCfg = Release|Any CPU
		{3668FE4F-B215-4D39-A85B-F117DEDF22ED}.Release|Any CPU.Build.0 = Release|Any CPU
	EndGlobalSection
	GlobalSection(SolutionProperties) = preSolution
		HideSolutionNode = FALSE
	EndGlobalSection
	GlobalSection(ExtensibilityGlobals) = postSolution
		SolutionGuid = {6F35E45D-2456-4B37-971C-A116268595F2}
	EndGlobalSection
EndGlobal
